
Microsoft Visual Studio Solution File, Format Version 12.00
# Visual Studio Version 17
VisualStudioVersion = 17.3.32804.467
MinimumVisualStudioVersion = 10.0.40219.1
Project("{2150E333-8FDC-42A3-9474-1A3956D46DE8}") = "MS.Infra", "MS.Infra", "{90A6D2F9-510D-49EF-A3D5-8E0F14D353F0}"
EndProject
Project("{2150E333-8FDC-42A3-9474-1A3956D46DE8}") = "docker", "docker", "{4D4E1F88-EFDD-4682-94C8-B655557CCD38}"
	ProjectSection(SolutionItems) = preProject
		docker-compose.yaml = docker-compose.yaml
	EndProjectSection
EndProject
Project("{2150E333-8FDC-42A3-9474-1A3956D46DE8}") = "src", "src", "{65A94A0E-E6B4-4212-B1F0-6BEE4A8F45EE}"
EndProject
Project("{2150E333-8FDC-42A3-9474-1A3956D46DE8}") = "Services", "Services", "{FC659DC5-74E6-4332-AC72-8388E4BF5E0A}"
EndProject
Project("{FAE04EC0-301F-11D3-BF4B-00C04F79EFBC}") = "MS.Mensageria.API", "src\MS.Mensageria.API\MS.Mensageria.API.csproj", "{0FE2656F-FFFE-4CEA-96FE-5AC0B1B682FD}"
EndProject
Project("{FAE04EC0-301F-11D3-BF4B-00C04F79EFBC}") = "MS.Core", "src\MS.Core\MS.Core.csproj", "{FD487AE5-BFC8-4D99-AE04-A5027291DAF7}"
EndProject
Project("{2150E333-8FDC-42A3-9474-1A3956D46DE8}") = "Tests", "Tests", "{C10BAA66-30F4-4684-BBB3-81284E7FE481}"
EndProject
Project("{FAE04EC0-301F-11D3-BF4B-00C04F79EFBC}") = "MS.Tests", "MS.Tests\MS.Tests.csproj", "{598F0B3A-5635-42F0-B37A-AEDCF41A93F1}"
EndProject
Project("{2150E333-8FDC-42A3-9474-1A3956D46DE8}") = "Visualization", "Visualization", "{83D6CE18-CE1B-4CF7-ACF3-BA96E2957BFA}"
EndProject
Project("{FAE04EC0-301F-11D3-BF4B-00C04F79EFBC}") = "MS.ConsoleApp", "src\MS.ConsoleApp\MS.ConsoleApp.csproj", "{B166A93C-6458-4133-B0EC-78DEB14B0FB6}"
EndProject
Global
	GlobalSection(SolutionConfigurationPlatforms) = preSolution
		Debug|Any CPU = Debug|Any CPU
		Release|Any CPU = Release|Any CPU
	EndGlobalSection
	GlobalSection(ProjectConfigurationPlatforms) = postSolution
		{0FE2656F-FFFE-4CEA-96FE-5AC0B1B682FD}.Debug|Any CPU.ActiveCfg = Debug|Any CPU
		{0FE2656F-FFFE-4CEA-96FE-5AC0B1B682FD}.Debug|Any CPU.Build.0 = Debug|Any CPU
		{0FE2656F-FFFE-4CEA-96FE-5AC0B1B682FD}.Release|Any CPU.ActiveCfg = Release|Any CPU
		{0FE2656F-FFFE-4CEA-96FE-5AC0B1B682FD}.Release|Any CPU.Build.0 = Release|Any CPU
		{FD487AE5-BFC8-4D99-AE04-A5027291DAF7}.Debug|Any CPU.ActiveCfg = Debug|Any CPU
		{FD487AE5-BFC8-4D99-AE04-A5027291DAF7}.Debug|Any CPU.Build.0 = Debug|Any CPU
		{FD487AE5-BFC8-4D99-AE04-A5027291DAF7}.Release|Any CPU.ActiveCfg = Release|Any CPU
		{FD487AE5-BFC8-4D99-AE04-A5027291DAF7}.Release|Any CPU.Build.0 = Release|Any CPU
		{598F0B3A-5635-42F0-B37A-AEDCF41A93F1}.Debug|Any CPU.ActiveCfg = Debug|Any CPU
		{598F0B3A-5635-42F0-B37A-AEDCF41A93F1}.Debug|Any CPU.Build.0 = Debug|Any CPU
		{598F0B3A-5635-42F0-B37A-AEDCF41A93F1}.Release|Any CPU.ActiveCfg = Release|Any CPU
		{598F0B3A-5635-42F0-B37A-AEDCF41A93F1}.Release|Any CPU.Build.0 = Release|Any CPU
		{B166A93C-6458-4133-B0EC-78DEB14B0FB6}.Debug|Any CPU.ActiveCfg = Debug|Any CPU
		{B166A93C-6458-4133-B0EC-78DEB14B0FB6}.Debug|Any CPU.Build.0 = Debug|Any CPU
		{B166A93C-6458-4133-B0EC-78DEB14B0FB6}.Release|Any CPU.ActiveCfg = Release|Any CPU
		{B166A93C-6458-4133-B0EC-78DEB14B0FB6}.Release|Any CPU.Build.0 = Release|Any CPU
	EndGlobalSection
	GlobalSection(SolutionProperties) = preSolution
		HideSolutionNode = FALSE
	EndGlobalSection
	GlobalSection(NestedProjects) = preSolution
		{4D4E1F88-EFDD-4682-94C8-B655557CCD38} = {90A6D2F9-510D-49EF-A3D5-8E0F14D353F0}
		{FC659DC5-74E6-4332-AC72-8388E4BF5E0A} = {65A94A0E-E6B4-4212-B1F0-6BEE4A8F45EE}
		{0FE2656F-FFFE-4CEA-96FE-5AC0B1B682FD} = {FC659DC5-74E6-4332-AC72-8388E4BF5E0A}
		{FD487AE5-BFC8-4D99-AE04-A5027291DAF7} = {FC659DC5-74E6-4332-AC72-8388E4BF5E0A}
		{598F0B3A-5635-42F0-B37A-AEDCF41A93F1} = {C10BAA66-30F4-4684-BBB3-81284E7FE481}
		{83D6CE18-CE1B-4CF7-ACF3-BA96E2957BFA} = {65A94A0E-E6B4-4212-B1F0-6BEE4A8F45EE}
		{B166A93C-6458-4133-B0EC-78DEB14B0FB6} = {83D6CE18-CE1B-4CF7-ACF3-BA96E2957BFA}
	EndGlobalSection
	GlobalSection(ExtensibilityGlobals) = postSolution
		SolutionGuid = {0A09B754-01CC-4766-9B99-7A49DC88AEA9}
	EndGlobalSection
EndGlobal
